{
  "name": "framer-bridge",
  "version": "1.0.0",
  "lockfileVersion": 3,
  "requires": true,
  "packages": {
    "": {
      "name": "framer-bridge",
      "version": "1.0.0",
      "dependencies": {
        "framer-api": "^0.1.3"
      }
    },
    "node_modules/devalue": {
      "version": "5.6.4",
      "resolved": "https://registry.npmjs.org/devalue/-/devalue-5.6.4.tgz",
      "integrity": "sha512-Gp6rDldRsFh/7XuouDbxMH3Mx8GMCcgzIb1pDTvNyn8pZGQ22u+Wa+lGV9dQCltFQ7uVw0MhRyb8XDskNFOReA==",
      "license": "MIT"
    },
    "node_modules/framer-api": {
      "version": "0.1.3",
      "resolved": "https://registry.npmjs.org/framer-api/-/framer-api-0.1.3.tgz",
      "integrity": "sha512-oEr+VGogiYQrPJrJWq3CDu7Kimq0dr5EgdgOiIGipEIHsFEqrpMjcBUzgMEuX/1Ej0EZtp9qz6vYushLfswz7Q==",
      "dependencies": {
        "devalue": "^5.6.4",
        "std-env": "^4.0.0"
      },
      "engines": {
        "node": ">=22"
      }
    },
    "node_modules/std-env": {
      "version": "4.0.0",
      "resolved": "https://registry.npmjs.org/std-env/-/std-env-4.0.0.tgz",
      "integrity": "sha512-zUMPtQ/HBY3/50VbpkupYHbRroTRZJPRLvreamgErJVys0ceuzMkD44J/QjqhHjOzK42GQ3QZIeFG1OYfOtKqQ==",
      "license": "MIT"
    }
  }
}
